
Microsoft Visual Studio Solution File, Format Version 10.00
# Visual Studio 2008
Project("{FAE04EC0-301F-11D3-BF4B-00C04F79EFBC}") = "Patrimonio", "Patrimonio\Patrimonio\Patrimonio.csproj", "{282EFC4F-F455-40E0-A697-D0783B92503D}"
EndProject
Project("{FAE04EC0-301F-11D3-BF4B-00C04F79EFBC}") = "InterfaceUsuario", "InterfaceUsuario\InterfaceUsuario\InterfaceUsuario.csproj", "{0850ECC8-45DE-4DF2-843B-4401F75A41DB}"
	ProjectSection(ProjectDependencies) = postProject
		{AA08DC28-59FC-4244-834B-77CE4D11C5B6} = {AA08DC28-59FC-4244-834B-77CE4D11C5B6}
		{6551CA3A-9C68-4165-9B37-3FC9135CC865} = {6551CA3A-9C68-4165-9B37-3FC9135CC865}
		{282EFC4F-F455-40E0-A697-D0783B92503D} = {282EFC4F-F455-40E0-A697-D0783B92503D}
	EndProjectSection
EndProject
Project("{FAE04EC0-301F-11D3-BF4B-00C04F79EFBC}") = "Maestro", "Maestro\Maestro\Maestro.csproj", "{AA08DC28-59FC-4244-834B-77CE4D11C5B6}"
EndProject
Project("{FAE04EC0-301F-11D3-BF4B-00C04F79EFBC}") = "Usuarios", "Usuarios\Usuarios\Usuarios.csproj", "{6551CA3A-9C68-4165-9B37-3FC9135CC865}"
EndProject
Project("{FAE04EC0-301F-11D3-BF4B-00C04F79EFBC}") = "Arv.Common", "Arv.Common\Arv.Common.csproj", "{A2C13FAA-F75D-4899-B375-EBA633738E2A}"
EndProject
Project("{2150E333-8FDC-42A3-9474-1A3956D46DE8}") = "StoredProcedures", "StoredProcedures", "{89CCAD74-BF2E-41B7-AE65-D89F120AF3DE}"
	ProjectSection(SolutionItems) = preProject
		StoredProcedures\sp_insere_atributo.sql = StoredProcedures\sp_insere_atributo.sql
		..\..\sp_usuario_alterar.sql = ..\..\sp_usuario_alterar.sql
		..\..\sp_usuario_consultar.sql = ..\..\sp_usuario_consultar.sql
		..\..\sp_usuario_inserir.sql = ..\..\sp_usuario_inserir.sql
		..\..\sp_usuario_remover.sql = ..\..\sp_usuario_remover.sql
	EndProjectSection
EndProject
Global
	GlobalSection(SolutionConfigurationPlatforms) = preSolution
		Debug|Any CPU = Debug|Any CPU
		Release|Any CPU = Release|Any CPU
	EndGlobalSection
	GlobalSection(ProjectConfigurationPlatforms) = postSolution
		{282EFC4F-F455-40E0-A697-D0783B92503D}.Debug|Any CPU.ActiveCfg = Debug|Any CPU
		{282EFC4F-F455-40E0-A697-D0783B92503D}.Debug|Any CPU.Build.0 = Debug|Any CPU
		{282EFC4F-F455-40E0-A697-D0783B92503D}.Release|Any CPU.ActiveCfg = Release|Any CPU
		{282EFC4F-F455-40E0-A697-D0783B92503D}.Release|Any CPU.Build.0 = Release|Any CPU
		{0850ECC8-45DE-4DF2-843B-4401F75A41DB}.Debug|Any CPU.ActiveCfg = Debug|Any CPU
		{0850ECC8-45DE-4DF2-843B-4401F75A41DB}.Debug|Any CPU.Build.0 = Debug|Any CPU
		{0850ECC8-45DE-4DF2-843B-4401F75A41DB}.Release|Any CPU.ActiveCfg = Release|Any CPU
		{0850ECC8-45DE-4DF2-843B-4401F75A41DB}.Release|Any CPU.Build.0 = Release|Any CPU
		{AA08DC28-59FC-4244-834B-77CE4D11C5B6}.Debug|Any CPU.ActiveCfg = Debug|Any CPU
		{AA08DC28-59FC-4244-834B-77CE4D11C5B6}.Debug|Any CPU.Build.0 = Debug|Any CPU
		{AA08DC28-59FC-4244-834B-77CE4D11C5B6}.Release|Any CPU.ActiveCfg = Release|Any CPU
		{AA08DC28-59FC-4244-834B-77CE4D11C5B6}.Release|Any CPU.Build.0 = Release|Any CPU
		{6551CA3A-9C68-4165-9B37-3FC9135CC865}.Debug|Any CPU.ActiveCfg = Debug|Any CPU
		{6551CA3A-9C68-4165-9B37-3FC9135CC865}.Debug|Any CPU.Build.0 = Debug|Any CPU
		{6551CA3A-9C68-4165-9B37-3FC9135CC865}.Release|Any CPU.ActiveCfg = Release|Any CPU
		{6551CA3A-9C68-4165-9B37-3FC9135CC865}.Release|Any CPU.Build.0 = Release|Any CPU
		{A2C13FAA-F75D-4899-B375-EBA633738E2A}.Debug|Any CPU.ActiveCfg = Debug|Any CPU
		{A2C13FAA-F75D-4899-B375-EBA633738E2A}.Debug|Any CPU.Build.0 = Debug|Any CPU
		{A2C13FAA-F75D-4899-B375-EBA633738E2A}.Release|Any CPU.ActiveCfg = Release|Any CPU
		{A2C13FAA-F75D-4899-B375-EBA633738E2A}.Release|Any CPU.Build.0 = Release|Any CPU
	EndGlobalSection
	GlobalSection(SolutionProperties) = preSolution
		HideSolutionNode = FALSE
	EndGlobalSection
EndGlobal
